
Microsoft Visual Studio Solution File, Format Version 12.00
# Visual Studio Version 17
VisualStudioVersion = 17.0.32014.148
MinimumVisualStudioVersion = 10.0.40219.1
Project("{9A19103F-16F7-4668-BE54-9A1E7A4F7556}") = "DiagonalDifference", "DiagonalDifference\DiagonalDifference.csproj", "{74D53CE1-00D9-4DDF-BE57-29199906C11E}"
EndProject
Project("{9A19103F-16F7-4668-BE54-9A1E7A4F7556}") = "2X2 Squares in Matrix", "2X2 Squares in Matrix\2X2 Squares in Matrix.csproj", "{F91C066C-1A2A-42C8-82F9-C92F91473250}"
EndProject
Project("{9A19103F-16F7-4668-BE54-9A1E7A4F7556}") = "MaximalSum", "MaximalSum\MaximalSum.csproj", "{8C202BA3-2708-4679-9821-1F2DEC96B775}"
EndProject
Project("{9A19103F-16F7-4668-BE54-9A1E7A4F7556}") = "MatrixShuffling", "MatrixShuffling\MatrixShuffling.csproj", "{72F2B88E-6B9E-4347-946E-B4218FEE5E06}"
EndProject
Project("{9A19103F-16F7-4668-BE54-9A1E7A4F7556}") = "SnakeMoves", "SnakeMoves\SnakeMoves.csproj", "{487FCD6A-4CD8-4FC0-8F9E-B6CEB3E22E9A}"
EndProject
Project("{9A19103F-16F7-4668-BE54-9A1E7A4F7556}") = "JaggedArrayManipulator", "JaggedArrayManipulator\JaggedArrayManipulator.csproj", "{C5DC80EB-65E9-4BA0-A244-BD723E433F9F}"
EndProject
Project("{FAE04EC0-301F-11D3-BF4B-00C04F79EFBC}") = "KnightGame", "KnightGame\KnightGame.csproj", "{D329F808-7117-483C-B3F8-EF9A495BA928}"
EndProject
Project("{FAE04EC0-301F-11D3-BF4B-00C04F79EFBC}") = "Bombs", "Bombs\Bombs.csproj", "{80F23C26-B5FB-4ED2-B715-AA3E372AF6A3}"
EndProject
Project("{FAE04EC0-301F-11D3-BF4B-00C04F79EFBC}") = "Miner", "Miner\Miner.csproj", "{B66C600C-4C1B-420F-8512-3735E1D5B464}"
EndProject
Project("{FAE04EC0-301F-11D3-BF4B-00C04F79EFBC}") = "Radioactive Mutant Vampire Bunnies", "Radioactive Mutant Vampire Bunnies\Radioactive Mutant Vampire Bunnies.csproj", "{DE8D0932-ACC7-4EC2-9E1E-28F67CB8AA9B}"
EndProject
Global
	GlobalSection(SolutionConfigurationPlatforms) = preSolution
		Debug|Any CPU = Debug|Any CPU
		Release|Any CPU = Release|Any CPU
	EndGlobalSection
	GlobalSection(ProjectConfigurationPlatforms) = postSolution
		{74D53CE1-00D9-4DDF-BE57-29199906C11E}.Debug|Any CPU.ActiveCfg = Debug|Any CPU
		{74D53CE1-00D9-4DDF-BE57-29199906C11E}.Debug|Any CPU.Build.0 = Debug|Any CPU
		{74D53CE1-00D9-4DDF-BE57-29199906C11E}.Release|Any CPU.ActiveCfg = Release|Any CPU
		{74D53CE1-00D9-4DDF-BE57-29199906C11E}.Release|Any CPU.Build.0 = Release|Any CPU
		{F91C066C-1A2A-42C8-82F9-C92F91473250}.Debug|Any CPU.ActiveCfg = Debug|Any CPU
		{F91C066C-1A2A-42C8-82F9-C92F91473250}.Debug|Any CPU.Build.0 = Debug|Any CPU
		{F91C066C-1A2A-42C8-82F9-C92F91473250}.Release|Any CPU.ActiveCfg = Release|Any CPU
		{F91C066C-1A2A-42C8-82F9-C92F91473250}.Release|Any CPU.Build.0 = Release|Any CPU
		{8C202BA3-2708-4679-9821-1F2DEC96B775}.Debug|Any CPU.ActiveCfg = Debug|Any CPU
		{8C202BA3-2708-4679-9821-1F2DEC96B775}.Debug|Any CPU.Build.0 = Debug|Any CPU
		{8C202BA3-2708-4679-9821-1F2DEC96B775}.Release|Any CPU.ActiveCfg = Release|Any CPU
		{8C202BA3-2708-4679-9821-1F2DEC96B775}.Release|Any CPU.Build.0 = Release|Any CPU
		{72F2B88E-6B9E-4347-946E-B4218FEE5E06}.Debug|Any CPU.ActiveCfg = Debug|Any CPU
		{72F2B88E-6B9E-4347-946E-B4218FEE5E06}.Debug|Any CPU.Build.0 = Debug|Any CPU
		{72F2B88E-6B9E-4347-946E-B4218FEE5E06}.Release|Any CPU.ActiveCfg = Release|Any CPU
		{72F2B88E-6B9E-4347-946E-B4218FEE5E06}.Release|Any CPU.Build.0 = Release|Any CPU
		{487FCD6A-4CD8-4FC0-8F9E-B6CEB3E22E9A}.Debug|Any CPU.ActiveCfg = Debug|Any CPU
		{487FCD6A-4CD8-4FC0-8F9E-B6CEB3E22E9A}.Debug|Any CPU.Build.0 = Debug|Any CPU
		{487FCD6A-4CD8-4FC0-8F9E-B6CEB3E22E9A}.Release|Any CPU.ActiveCfg = Release|Any CPU
		{487FCD6A-4CD8-4FC0-8F9E-B6CEB3E22E9A}.Release|Any CPU.Build.0 = Release|Any CPU
		{C5DC80EB-65E9-4BA0-A244-BD723E433F9F}.Debug|Any CPU.ActiveCfg = Debug|Any CPU
		{C5DC80EB-65E9-4BA0-A244-BD723E433F9F}.Debug|Any CPU.Build.0 = Debug|Any CPU
		{C5DC80EB-65E9-4BA0-A244-BD723E433F9F}.Release|Any CPU.ActiveCfg = Release|Any CPU
		{C5DC80EB-65E9-4BA0-A244-BD723E433F9F}.Release|Any CPU.Build.0 = Release|Any CPU
		{D329F808-7117-483C-B3F8-EF9A495BA928}.Debug|Any CPU.ActiveCfg = Debug|Any CPU
		{D329F808-7117-483C-B3F8-EF9A495BA928}.Debug|Any CPU.Build.0 = Debug|Any CPU
		{D329F808-7117-483C-B3F8-EF9A495BA928}.Release|Any CPU.ActiveCfg = Release|Any CPU
		{D329F808-7117-483C-B3F8-EF9A495BA928}.Release|Any CPU.Build.0 = Release|Any CPU
		{80F23C26-B5FB-4ED2-B715-AA3E372AF6A3}.Debug|Any CPU.ActiveCfg = Debug|Any CPU
		{80F23C26-B5FB-4ED2-B715-AA3E372AF6A3}.Debug|Any CPU.Build.0 = Debug|Any CPU
		{80F23C26-B5FB-4ED2-B715-AA3E372AF6A3}.Release|Any CPU.ActiveCfg = Release|Any CPU
		{80F23C26-B5FB-4ED2-B715-AA3E372AF6A3}.Release|Any CPU.Build.0 = Release|Any CPU
		{B66C600C-4C1B-420F-8512-3735E1D5B464}.Debug|Any CPU.ActiveCfg = Debug|Any CPU
		{B66C600C-4C1B-420F-8512-3735E1D5B464}.Debug|Any CPU.Build.0 = Debug|Any CPU
		{B66C600C-4C1B-420F-8512-3735E1D5B464}.Release|Any CPU.ActiveCfg = Release|Any CPU
		{B66C600C-4C1B-420F-8512-3735E1D5B464}.Release|Any CPU.Build.0 = Release|Any CPU
		{DE8D0932-ACC7-4EC2-9E1E-28F67CB8AA9B}.Debug|Any CPU.ActiveCfg = Debug|Any CPU
		{DE8D0932-ACC7-4EC2-9E1E-28F67CB8AA9B}.Debug|Any CPU.Build.0 = Debug|Any CPU
		{DE8D0932-ACC7-4EC2-9E1E-28F67CB8AA9B}.Release|Any CPU.ActiveCfg = Release|Any CPU
		{DE8D0932-ACC7-4EC2-9E1E-28F67CB8AA9B}.Release|Any CPU.Build.0 = Release|Any CPU
	EndGlobalSection
	GlobalSection(SolutionProperties) = preSolution
		HideSolutionNode = FALSE
	EndGlobalSection
	GlobalSection(ExtensibilityGlobals) = postSolution
		SolutionGuid = {C06F06FF-E1F2-4637-8219-DB99B2477E44}
	EndGlobalSection
EndGlobal
