
Microsoft Visual Studio Solution File, Format Version 12.00
# Visual Studio Version 16
VisualStudioVersion = 16.0.32106.194
MinimumVisualStudioVersion = 10.0.40219.1
Project("{FAE04EC0-301F-11D3-BF4B-00C04F79EFBC}") = "01. Flower Wreaths", "01. Flower Wreaths\01. Flower Wreaths.csproj", "{15FE7435-1BAB-4D1A-8ECC-CFEE244AB777}"
EndProject
Project("{FAE04EC0-301F-11D3-BF4B-00C04F79EFBC}") = "02.Bee", "02.Bee\02.Bee.csproj", "{5C0DA667-4095-41B0-8923-442573FF002A}"
EndProject
Project("{FAE04EC0-301F-11D3-BF4B-00C04F79EFBC}") = "03.VetClinic", "03.VetClinic\03.VetClinic.csproj", "{DCBCBF16-B3AC-4A42-A73A-63DC028361A0}"
EndProject
Global
	GlobalSection(SolutionConfigurationPlatforms) = preSolution
		Debug|Any CPU = Debug|Any CPU
		Release|Any CPU = Release|Any CPU
	EndGlobalSection
	GlobalSection(ProjectConfigurationPlatforms) = postSolution
		{15FE7435-1BAB-4D1A-8ECC-CFEE244AB777}.Debug|Any CPU.ActiveCfg = Debug|Any CPU
		{15FE7435-1BAB-4D1A-8ECC-CFEE244AB777}.Debug|Any CPU.Build.0 = Debug|Any CPU
		{15FE7435-1BAB-4D1A-8ECC-CFEE244AB777}.Release|Any CPU.ActiveCfg = Release|Any CPU
		{15FE7435-1BAB-4D1A-8ECC-CFEE244AB777}.Release|Any CPU.Build.0 = Release|Any CPU
		{5C0DA667-4095-41B0-8923-442573FF002A}.Debug|Any CPU.ActiveCfg = Debug|Any CPU
		{5C0DA667-4095-41B0-8923-442573FF002A}.Debug|Any CPU.Build.0 = Debug|Any CPU
		{5C0DA667-4095-41B0-8923-442573FF002A}.Release|Any CPU.ActiveCfg = Release|Any CPU
		{5C0DA667-4095-41B0-8923-442573FF002A}.Release|Any CPU.Build.0 = Release|Any CPU
		{DCBCBF16-B3AC-4A42-A73A-63DC028361A0}.Debug|Any CPU.ActiveCfg = Debug|Any CPU
		{DCBCBF16-B3AC-4A42-A73A-63DC028361A0}.Debug|Any CPU.Build.0 = Debug|Any CPU
		{DCBCBF16-B3AC-4A42-A73A-63DC028361A0}.Release|Any CPU.ActiveCfg = Release|Any CPU
		{DCBCBF16-B3AC-4A42-A73A-63DC028361A0}.Release|Any CPU.Build.0 = Release|Any CPU
	EndGlobalSection
	GlobalSection(SolutionProperties) = preSolution
		HideSolutionNode = FALSE
	EndGlobalSection
	GlobalSection(ExtensibilityGlobals) = postSolution
		SolutionGuid = {E49A8E40-94A6-4947-807D-8B74F0A0B6C6}
	EndGlobalSection
EndGlobal
