
Microsoft Visual Studio Solution File, Format Version 12.00
# Visual Studio Version 17
VisualStudioVersion = 17.0.32112.339
MinimumVisualStudioVersion = 10.0.40219.1
Project("{9A19103F-16F7-4668-BE54-9A1E7A4F7556}") = "OddLines", "Odd Lines\OddLines.csproj", "{E5E5E5DB-E9B9-4534-A914-229913BF7D34}"
EndProject
Project("{9A19103F-16F7-4668-BE54-9A1E7A4F7556}") = "Line Numbers", "Line Numbers\Line Numbers.csproj", "{A08FCDA9-C852-4135-95F9-BE3AB4B6303F}"
EndProject
Project("{9A19103F-16F7-4668-BE54-9A1E7A4F7556}") = "Word Count", "Word Count\Word Count.csproj", "{AF2ACE0B-C312-4A65-816D-3A50DC4B9A3A}"
EndProject
Project("{9A19103F-16F7-4668-BE54-9A1E7A4F7556}") = "Merge Files", "Merge Files\Merge Files.csproj", "{67575658-CD8A-4803-9E8A-10F7296BB902}"
EndProject
Project("{FAE04EC0-301F-11D3-BF4B-00C04F79EFBC}") = "Extract Special Bytes", "Extract Special Bytes\Extract Special Bytes.csproj", "{541E0C65-E627-4BFD-BA09-38CFAD4BF073}"
EndProject
Project("{FAE04EC0-301F-11D3-BF4B-00C04F79EFBC}") = "Split Merge Binary Files", "Split Merge Binary Files\Split Merge Binary Files.csproj", "{D390ABDC-CADC-4048-85E0-B0242419741F}"
EndProject
Project("{FAE04EC0-301F-11D3-BF4B-00C04F79EFBC}") = "FolderSize", "FolderSize\FolderSize.csproj", "{CBE74F02-AFB2-4CB4-807E-9A354855951A}"
EndProject
Global
	GlobalSection(SolutionConfigurationPlatforms) = preSolution
		Debug|Any CPU = Debug|Any CPU
		Release|Any CPU = Release|Any CPU
	EndGlobalSection
	GlobalSection(ProjectConfigurationPlatforms) = postSolution
		{E5E5E5DB-E9B9-4534-A914-229913BF7D34}.Debug|Any CPU.ActiveCfg = Debug|Any CPU
		{E5E5E5DB-E9B9-4534-A914-229913BF7D34}.Debug|Any CPU.Build.0 = Debug|Any CPU
		{E5E5E5DB-E9B9-4534-A914-229913BF7D34}.Release|Any CPU.ActiveCfg = Release|Any CPU
		{E5E5E5DB-E9B9-4534-A914-229913BF7D34}.Release|Any CPU.Build.0 = Release|Any CPU
		{A08FCDA9-C852-4135-95F9-BE3AB4B6303F}.Debug|Any CPU.ActiveCfg = Debug|Any CPU
		{A08FCDA9-C852-4135-95F9-BE3AB4B6303F}.Debug|Any CPU.Build.0 = Debug|Any CPU
		{A08FCDA9-C852-4135-95F9-BE3AB4B6303F}.Release|Any CPU.ActiveCfg = Release|Any CPU
		{A08FCDA9-C852-4135-95F9-BE3AB4B6303F}.Release|Any CPU.Build.0 = Release|Any CPU
		{AF2ACE0B-C312-4A65-816D-3A50DC4B9A3A}.Debug|Any CPU.ActiveCfg = Debug|Any CPU
		{AF2ACE0B-C312-4A65-816D-3A50DC4B9A3A}.Debug|Any CPU.Build.0 = Debug|Any CPU
		{AF2ACE0B-C312-4A65-816D-3A50DC4B9A3A}.Release|Any CPU.ActiveCfg = Release|Any CPU
		{AF2ACE0B-C312-4A65-816D-3A50DC4B9A3A}.Release|Any CPU.Build.0 = Release|Any CPU
		{67575658-CD8A-4803-9E8A-10F7296BB902}.Debug|Any CPU.ActiveCfg = Debug|Any CPU
		{67575658-CD8A-4803-9E8A-10F7296BB902}.Debug|Any CPU.Build.0 = Debug|Any CPU
		{67575658-CD8A-4803-9E8A-10F7296BB902}.Release|Any CPU.ActiveCfg = Release|Any CPU
		{67575658-CD8A-4803-9E8A-10F7296BB902}.Release|Any CPU.Build.0 = Release|Any CPU
		{541E0C65-E627-4BFD-BA09-38CFAD4BF073}.Debug|Any CPU.ActiveCfg = Debug|Any CPU
		{541E0C65-E627-4BFD-BA09-38CFAD4BF073}.Debug|Any CPU.Build.0 = Debug|Any CPU
		{541E0C65-E627-4BFD-BA09-38CFAD4BF073}.Release|Any CPU.ActiveCfg = Release|Any CPU
		{541E0C65-E627-4BFD-BA09-38CFAD4BF073}.Release|Any CPU.Build.0 = Release|Any CPU
		{D390ABDC-CADC-4048-85E0-B0242419741F}.Debug|Any CPU.ActiveCfg = Debug|Any CPU
		{D390ABDC-CADC-4048-85E0-B0242419741F}.Debug|Any CPU.Build.0 = Debug|Any CPU
		{D390ABDC-CADC-4048-85E0-B0242419741F}.Release|Any CPU.ActiveCfg = Release|Any CPU
		{D390ABDC-CADC-4048-85E0-B0242419741F}.Release|Any CPU.Build.0 = Release|Any CPU
		{CBE74F02-AFB2-4CB4-807E-9A354855951A}.Debug|Any CPU.ActiveCfg = Debug|Any CPU
		{CBE74F02-AFB2-4CB4-807E-9A354855951A}.Debug|Any CPU.Build.0 = Debug|Any CPU
		{CBE74F02-AFB2-4CB4-807E-9A354855951A}.Release|Any CPU.ActiveCfg = Release|Any CPU
		{CBE74F02-AFB2-4CB4-807E-9A354855951A}.Release|Any CPU.Build.0 = Release|Any CPU
	EndGlobalSection
	GlobalSection(SolutionProperties) = preSolution
		HideSolutionNode = FALSE
	EndGlobalSection
	GlobalSection(ExtensibilityGlobals) = postSolution
		SolutionGuid = {4A00B1BD-410D-49C7-BFDF-64E586AB1B3C}
	EndGlobalSection
EndGlobal
