
Microsoft Visual Studio Solution File, Format Version 12.00
# Visual Studio Version 17
VisualStudioVersion = 17.0.32112.339
MinimumVisualStudioVersion = 10.0.40219.1
Project("{FAE04EC0-301F-11D3-BF4B-00C04F79EFBC}") = "Sort Even Numbers", "Sort Even Numbers\Sort Even Numbers.csproj", "{A642BF13-0AF0-421D-8ED0-12B80A0E5F85}"
EndProject
Project("{FAE04EC0-301F-11D3-BF4B-00C04F79EFBC}") = "2. Sum Numbers", "2. Sum Numbers\2. Sum Numbers.csproj", "{E5FA1779-3F8A-4E3B-9F8B-6F9BDAD44318}"
EndProject
Project("{FAE04EC0-301F-11D3-BF4B-00C04F79EFBC}") = "03. Count Uppercase Words", "03. Count Uppercase Words\03. Count Uppercase Words.csproj", "{0F9F8781-C1FA-429B-BE64-F291A7B45A92}"
EndProject
Project("{FAE04EC0-301F-11D3-BF4B-00C04F79EFBC}") = "4. Add VAT", "4. Add VAT\4. Add VAT.csproj", "{21FD5643-83C8-40DC-B294-5632A83F52EB}"
EndProject
Project("{FAE04EC0-301F-11D3-BF4B-00C04F79EFBC}") = "5. Filter By Age", "5. Filter By Age\5. Filter By Age.csproj", "{B188D12A-6811-4196-935C-2D09A9AD170D}"
EndProject
Global
	GlobalSection(SolutionConfigurationPlatforms) = preSolution
		Debug|Any CPU = Debug|Any CPU
		Release|Any CPU = Release|Any CPU
	EndGlobalSection
	GlobalSection(ProjectConfigurationPlatforms) = postSolution
		{A642BF13-0AF0-421D-8ED0-12B80A0E5F85}.Debug|Any CPU.ActiveCfg = Debug|Any CPU
		{A642BF13-0AF0-421D-8ED0-12B80A0E5F85}.Debug|Any CPU.Build.0 = Debug|Any CPU
		{A642BF13-0AF0-421D-8ED0-12B80A0E5F85}.Release|Any CPU.ActiveCfg = Release|Any CPU
		{A642BF13-0AF0-421D-8ED0-12B80A0E5F85}.Release|Any CPU.Build.0 = Release|Any CPU
		{E5FA1779-3F8A-4E3B-9F8B-6F9BDAD44318}.Debug|Any CPU.ActiveCfg = Debug|Any CPU
		{E5FA1779-3F8A-4E3B-9F8B-6F9BDAD44318}.Debug|Any CPU.Build.0 = Debug|Any CPU
		{E5FA1779-3F8A-4E3B-9F8B-6F9BDAD44318}.Release|Any CPU.ActiveCfg = Release|Any CPU
		{E5FA1779-3F8A-4E3B-9F8B-6F9BDAD44318}.Release|Any CPU.Build.0 = Release|Any CPU
		{0F9F8781-C1FA-429B-BE64-F291A7B45A92}.Debug|Any CPU.ActiveCfg = Debug|Any CPU
		{0F9F8781-C1FA-429B-BE64-F291A7B45A92}.Debug|Any CPU.Build.0 = Debug|Any CPU
		{0F9F8781-C1FA-429B-BE64-F291A7B45A92}.Release|Any CPU.ActiveCfg = Release|Any CPU
		{0F9F8781-C1FA-429B-BE64-F291A7B45A92}.Release|Any CPU.Build.0 = Release|Any CPU
		{21FD5643-83C8-40DC-B294-5632A83F52EB}.Debug|Any CPU.ActiveCfg = Debug|Any CPU
		{21FD5643-83C8-40DC-B294-5632A83F52EB}.Debug|Any CPU.Build.0 = Debug|Any CPU
		{21FD5643-83C8-40DC-B294-5632A83F52EB}.Release|Any CPU.ActiveCfg = Release|Any CPU
		{21FD5643-83C8-40DC-B294-5632A83F52EB}.Release|Any CPU.Build.0 = Release|Any CPU
		{B188D12A-6811-4196-935C-2D09A9AD170D}.Debug|Any CPU.ActiveCfg = Debug|Any CPU
		{B188D12A-6811-4196-935C-2D09A9AD170D}.Debug|Any CPU.Build.0 = Debug|Any CPU
		{B188D12A-6811-4196-935C-2D09A9AD170D}.Release|Any CPU.ActiveCfg = Release|Any CPU
		{B188D12A-6811-4196-935C-2D09A9AD170D}.Release|Any CPU.Build.0 = Release|Any CPU
	EndGlobalSection
	GlobalSection(SolutionProperties) = preSolution
		HideSolutionNode = FALSE
	EndGlobalSection
	GlobalSection(ExtensibilityGlobals) = postSolution
		SolutionGuid = {C96CB30E-222C-4795-B477-05341619E285}
	EndGlobalSection
EndGlobal
