
Microsoft Visual Studio Solution File, Format Version 12.00
# Visual Studio Version 17
VisualStudioVersion = 17.0.32112.339
MinimumVisualStudioVersion = 10.0.40219.1
Project("{FAE04EC0-301F-11D3-BF4B-00C04F79EFBC}") = "01.FoodFinder", "01.FoodFinder\01.FoodFinder.csproj", "{4E18B6E3-E249-4070-91A0-31588F7F796A}"
EndProject
Project("{FAE04EC0-301F-11D3-BF4B-00C04F79EFBC}") = "02.PawnWars", "02.PawnWars\02.PawnWars.csproj", "{77F3F8BE-A31F-477B-90D9-B966939BC0ED}"
EndProject
Project("{FAE04EC0-301F-11D3-BF4B-00C04F79EFBC}") = "03.StockMarket", "03.StockMarket\03.StockMarket.csproj", "{930E07DB-A8D3-4D35-AD77-97AAC1593B83}"
EndProject
Global
	GlobalSection(SolutionConfigurationPlatforms) = preSolution
		Debug|Any CPU = Debug|Any CPU
		Release|Any CPU = Release|Any CPU
	EndGlobalSection
	GlobalSection(ProjectConfigurationPlatforms) = postSolution
		{4E18B6E3-E249-4070-91A0-31588F7F796A}.Debug|Any CPU.ActiveCfg = Debug|Any CPU
		{4E18B6E3-E249-4070-91A0-31588F7F796A}.Debug|Any CPU.Build.0 = Debug|Any CPU
		{4E18B6E3-E249-4070-91A0-31588F7F796A}.Release|Any CPU.ActiveCfg = Release|Any CPU
		{4E18B6E3-E249-4070-91A0-31588F7F796A}.Release|Any CPU.Build.0 = Release|Any CPU
		{77F3F8BE-A31F-477B-90D9-B966939BC0ED}.Debug|Any CPU.ActiveCfg = Debug|Any CPU
		{77F3F8BE-A31F-477B-90D9-B966939BC0ED}.Debug|Any CPU.Build.0 = Debug|Any CPU
		{77F3F8BE-A31F-477B-90D9-B966939BC0ED}.Release|Any CPU.ActiveCfg = Release|Any CPU
		{77F3F8BE-A31F-477B-90D9-B966939BC0ED}.Release|Any CPU.Build.0 = Release|Any CPU
		{930E07DB-A8D3-4D35-AD77-97AAC1593B83}.Debug|Any CPU.ActiveCfg = Debug|Any CPU
		{930E07DB-A8D3-4D35-AD77-97AAC1593B83}.Debug|Any CPU.Build.0 = Debug|Any CPU
		{930E07DB-A8D3-4D35-AD77-97AAC1593B83}.Release|Any CPU.ActiveCfg = Release|Any CPU
		{930E07DB-A8D3-4D35-AD77-97AAC1593B83}.Release|Any CPU.Build.0 = Release|Any CPU
	EndGlobalSection
	GlobalSection(SolutionProperties) = preSolution
		HideSolutionNode = FALSE
	EndGlobalSection
	GlobalSection(ExtensibilityGlobals) = postSolution
		SolutionGuid = {64A5A00D-F43D-4353-9EE7-C34FD65D0BB0}
	EndGlobalSection
EndGlobal
